
Microsoft Visual Studio Solution File, Format Version 12.00
# Visual Studio 15
Project("{FAE04EC0-301F-11D3-BF4B-00C04F79EFBC}") = "Assembly-CSharp", "Assembly-CSharp.csproj", "{7C6663EF-4AF4-BB9D-BFB3-3D79236829A0}"
EndProject
Project("{FAE04EC0-301F-11D3-BF4B-00C04F79EFBC}") = "Assembly-CSharp-Editor", "Assembly-CSharp-Editor.csproj", "{C8E23C5C-E7C8-B04F-7492-FC926BC6BCCD}"
EndProject
Global
	GlobalSection(SolutionConfigurationPlatforms) = preSolution
		Debug|Any CPU = Debug|Any CPU
		Release|Any CPU = Release|Any CPU
	EndGlobalSection
	GlobalSection(ProjectConfigurationPlatforms) = postSolution
		{7C6663EF-4AF4-BB9D-BFB3-3D79236829A0}.Debug|Any CPU.ActiveCfg = Debug|Any CPU
		{7C6663EF-4AF4-BB9D-BFB3-3D79236829A0}.Debug|Any CPU.Build.0 = Debug|Any CPU
		{7C6663EF-4AF4-BB9D-BFB3-3D79236829A0}.Release|Any CPU.ActiveCfg = Release|Any CPU
		{7C6663EF-4AF4-BB9D-BFB3-3D79236829A0}.Release|Any CPU.Build.0 = Release|Any CPU
		{C8E23C5C-E7C8-B04F-7492-FC926BC6BCCD}.Debug|Any CPU.ActiveCfg = Debug|Any CPU
		{C8E23C5C-E7C8-B04F-7492-FC926BC6BCCD}.Debug|Any CPU.Build.0 = Debug|Any CPU
		{C8E23C5C-E7C8-B04F-7492-FC926BC6BCCD}.Release|Any CPU.ActiveCfg = Release|Any CPU
		{C8E23C5C-E7C8-B04F-7492-FC926BC6BCCD}.Release|Any CPU.Build.0 = Release|Any CPU
	EndGlobalSection
	GlobalSection(SolutionProperties) = preSolution
		HideSolutionNode = FALSE
	EndGlobalSection
EndGlobal
